
Microsoft Visual Studio Solution File, Format Version 9.00
# Visual Studio 2005
Project("{FAE04EC0-301F-11D3-BF4B-00C04F79EFBC}") = "例2_连续运动", "例2_连续运动\例2_连续运动.csproj", "{1D22220B-F45E-476F-AE42-AD52FACF5F8D}"
EndProject
Global
	GlobalSection(SolutionConfigurationPlatforms) = preSolution
		Debug|Any CPU = Debug|Any CPU
		Release|Any CPU = Release|Any CPU
	EndGlobalSection
	GlobalSection(ProjectConfigurationPlatforms) = postSolution
		{1D22220B-F45E-476F-AE42-AD52FACF5F8D}.Debug|Any CPU.ActiveCfg = Debug|Any CPU
		{1D22220B-F45E-476F-AE42-AD52FACF5F8D}.Debug|Any CPU.Build.0 = Debug|Any CPU
		{1D22220B-F45E-476F-AE42-AD52FACF5F8D}.Release|Any CPU.ActiveCfg = Release|Any CPU
		{1D22220B-F45E-476F-AE42-AD52FACF5F8D}.Release|Any CPU.Build.0 = Release|Any CPU
	EndGlobalSection
	GlobalSection(SolutionProperties) = preSolution
		HideSolutionNode = FALSE
	EndGlobalSection
EndGlobal
