
Microsoft Visual Studio Solution File, Format Version 9.00
# Visual Studio 2005
Project("{FAE04EC0-301F-11D3-BF4B-00C04F79EFBC}") = "例10_在线变速和改变目标位置", "例10_在线变速和改变目标位置\例10_在线变速和改变目标位置.csproj", "{29AEFB41-E362-45FC-92F5-63AA894FC1B5}"
EndProject
Global
	GlobalSection(SolutionConfigurationPlatforms) = preSolution
		Debug|Any CPU = Debug|Any CPU
		Release|Any CPU = Release|Any CPU
	EndGlobalSection
	GlobalSection(ProjectConfigurationPlatforms) = postSolution
		{29AEFB41-E362-45FC-92F5-63AA894FC1B5}.Debug|Any CPU.ActiveCfg = Debug|Any CPU
		{29AEFB41-E362-45FC-92F5-63AA894FC1B5}.Debug|Any CPU.Build.0 = Debug|Any CPU
		{29AEFB41-E362-45FC-92F5-63AA894FC1B5}.Release|Any CPU.ActiveCfg = Release|Any CPU
		{29AEFB41-E362-45FC-92F5-63AA894FC1B5}.Release|Any CPU.Build.0 = Release|Any CPU
	EndGlobalSection
	GlobalSection(SolutionProperties) = preSolution
		HideSolutionNode = FALSE
	EndGlobalSection
EndGlobal
