
Microsoft Visual Studio Solution File, Format Version 12.00
# Visual Studio 15
VisualStudioVersion = 15.0.28307.572
MinimumVisualStudioVersion = 10.0.40219.1
Project("{FAE04EC0-301F-11D3-BF4B-00C04F79EFBC}") = "例1_单轴运动", "例1_单轴运动\例1_单轴运动.csproj", "{27B785D6-4016-4064-938C-F9A5A4FAD955}"
EndProject
Global
	GlobalSection(SolutionConfigurationPlatforms) = preSolution
		Debug|Any CPU = Debug|Any CPU
		Release|Any CPU = Release|Any CPU
	EndGlobalSection
	GlobalSection(ProjectConfigurationPlatforms) = postSolution
		{27B785D6-4016-4064-938C-F9A5A4FAD955}.Debug|Any CPU.ActiveCfg = Debug|Any CPU
		{27B785D6-4016-4064-938C-F9A5A4FAD955}.Debug|Any CPU.Build.0 = Debug|Any CPU
		{27B785D6-4016-4064-938C-F9A5A4FAD955}.Release|Any CPU.ActiveCfg = Release|Any CPU
		{27B785D6-4016-4064-938C-F9A5A4FAD955}.Release|Any CPU.Build.0 = Release|Any CPU
	EndGlobalSection
	GlobalSection(SolutionProperties) = preSolution
		HideSolutionNode = FALSE
	EndGlobalSection
	GlobalSection(ExtensibilityGlobals) = postSolution
		SolutionGuid = {A826B23E-0E15-43F6-BA91-B5E697412512}
	EndGlobalSection
EndGlobal
